
Microsoft Visual Studio Solution File, Format Version 12.00
# Visual Studio Version 16
VisualStudioVersion = 16.0.29728.190
MinimumVisualStudioVersion = 10.0.40219.1
Project("{FAE04EC0-301F-11D3-BF4B-00C04F79EFBC}") = "ToDoList", "ToDoList\ToDoList.csproj", "{3BBD1343-DAA2-43F8-A962-BB7859AF1103}"
EndProject
Project("{FAE04EC0-301F-11D3-BF4B-00C04F79EFBC}") = "ToDoList.Model", "ToDoList.Models\ToDoList.Model.csproj", "{7D37FB57-55C8-476F-86EA-4C0AABE9A69C}"
EndProject
Project("{FAE04EC0-301F-11D3-BF4B-00C04F79EFBC}") = "ToDoList.Repository", "ToDoList.Repository\ToDoList.Repository.csproj", "{41B50D28-2E62-4B81-BBBC-3824D61075EF}"
EndProject
Project("{FAE04EC0-301F-11D3-BF4B-00C04F79EFBC}") = "ToDoList.Service", "ToDoList.Service\ToDoList.Service.csproj", "{B13433B2-8D01-4801-BE5F-09832969C3E5}"
EndProject
Global
	GlobalSection(SolutionConfigurationPlatforms) = preSolution
		Debug|Any CPU = Debug|Any CPU
		Release|Any CPU = Release|Any CPU
	EndGlobalSection
	GlobalSection(ProjectConfigurationPlatforms) = postSolution
		{3BBD1343-DAA2-43F8-A962-BB7859AF1103}.Debug|Any CPU.ActiveCfg = Debug|Any CPU
		{3BBD1343-DAA2-43F8-A962-BB7859AF1103}.Debug|Any CPU.Build.0 = Debug|Any CPU
		{3BBD1343-DAA2-43F8-A962-BB7859AF1103}.Release|Any CPU.ActiveCfg = Release|Any CPU
		{3BBD1343-DAA2-43F8-A962-BB7859AF1103}.Release|Any CPU.Build.0 = Release|Any CPU
		{7D37FB57-55C8-476F-86EA-4C0AABE9A69C}.Debug|Any CPU.ActiveCfg = Debug|Any CPU
		{7D37FB57-55C8-476F-86EA-4C0AABE9A69C}.Debug|Any CPU.Build.0 = Debug|Any CPU
		{7D37FB57-55C8-476F-86EA-4C0AABE9A69C}.Release|Any CPU.ActiveCfg = Release|Any CPU
		{7D37FB57-55C8-476F-86EA-4C0AABE9A69C}.Release|Any CPU.Build.0 = Release|Any CPU
		{41B50D28-2E62-4B81-BBBC-3824D61075EF}.Debug|Any CPU.ActiveCfg = Debug|Any CPU
		{41B50D28-2E62-4B81-BBBC-3824D61075EF}.Debug|Any CPU.Build.0 = Debug|Any CPU
		{41B50D28-2E62-4B81-BBBC-3824D61075EF}.Release|Any CPU.ActiveCfg = Release|Any CPU
		{41B50D28-2E62-4B81-BBBC-3824D61075EF}.Release|Any CPU.Build.0 = Release|Any CPU
		{B13433B2-8D01-4801-BE5F-09832969C3E5}.Debug|Any CPU.ActiveCfg = Debug|Any CPU
		{B13433B2-8D01-4801-BE5F-09832969C3E5}.Debug|Any CPU.Build.0 = Debug|Any CPU
		{B13433B2-8D01-4801-BE5F-09832969C3E5}.Release|Any CPU.ActiveCfg = Release|Any CPU
		{B13433B2-8D01-4801-BE5F-09832969C3E5}.Release|Any CPU.Build.0 = Release|Any CPU
	EndGlobalSection
	GlobalSection(SolutionProperties) = preSolution
		HideSolutionNode = FALSE
	EndGlobalSection
	GlobalSection(ExtensibilityGlobals) = postSolution
		SolutionGuid = {55B95B29-09A2-4554-9CC2-6275A2348CE5}
	EndGlobalSection
EndGlobal
